
Microsoft Visual Studio Solution File, Format Version 12.00
# Visual Studio Version 17
VisualStudioVersion = 17.7.34031.279
MinimumVisualStudioVersion = 10.0.40219.1
Project("{FAE04EC0-301F-11D3-BF4B-00C04F79EFBC}") = "HealthMinder.Android", "HealthMinder\HealthMinder.Android\HealthMinder.Android.csproj", "{A48677C4-70F7-4C38-BAF2-584CE4C1A562}"
EndProject
Project("{FAE04EC0-301F-11D3-BF4B-00C04F79EFBC}") = "HealthMinder", "HealthMinder\HealthMinder\HealthMinder.csproj", "{5F9DA1CC-2DFE-4243-9512-E0A81486FAE2}"
EndProject
Global
	GlobalSection(SolutionConfigurationPlatforms) = preSolution
		Debug|Any CPU = Debug|Any CPU
		Release|Any CPU = Release|Any CPU
	EndGlobalSection
	GlobalSection(ProjectConfigurationPlatforms) = postSolution
		{A48677C4-70F7-4C38-BAF2-584CE4C1A562}.Debug|Any CPU.ActiveCfg = Debug|Any CPU
		{A48677C4-70F7-4C38-BAF2-584CE4C1A562}.Debug|Any CPU.Build.0 = Debug|Any CPU
		{A48677C4-70F7-4C38-BAF2-584CE4C1A562}.Debug|Any CPU.Deploy.0 = Debug|Any CPU
		{A48677C4-70F7-4C38-BAF2-584CE4C1A562}.Release|Any CPU.ActiveCfg = Release|Any CPU
		{A48677C4-70F7-4C38-BAF2-584CE4C1A562}.Release|Any CPU.Build.0 = Release|Any CPU
		{A48677C4-70F7-4C38-BAF2-584CE4C1A562}.Release|Any CPU.Deploy.0 = Release|Any CPU
		{5F9DA1CC-2DFE-4243-9512-E0A81486FAE2}.Debug|Any CPU.ActiveCfg = Debug|Any CPU
		{5F9DA1CC-2DFE-4243-9512-E0A81486FAE2}.Debug|Any CPU.Build.0 = Debug|Any CPU
		{5F9DA1CC-2DFE-4243-9512-E0A81486FAE2}.Debug|Any CPU.Deploy.0 = Debug|Any CPU
		{5F9DA1CC-2DFE-4243-9512-E0A81486FAE2}.Release|Any CPU.ActiveCfg = Release|Any CPU
		{5F9DA1CC-2DFE-4243-9512-E0A81486FAE2}.Release|Any CPU.Build.0 = Release|Any CPU
		{5F9DA1CC-2DFE-4243-9512-E0A81486FAE2}.Release|Any CPU.Deploy.0 = Release|Any CPU
	EndGlobalSection
	GlobalSection(SolutionProperties) = preSolution
		HideSolutionNode = FALSE
	EndGlobalSection
	GlobalSection(ExtensibilityGlobals) = postSolution
		SolutionGuid = {B3952AD4-AA31-45C0-81EE-621ABDFB9381}
	EndGlobalSection
EndGlobal
